// !$*UTF8*$!
{
	archiveVersion = 1;
	classes = {
	};
	objectVersion = 46;
	objects = {

/* Begin PBXBuildFile section */
		61551C9F1FEEA77700534DEC /* AppDelegate.swift in Sources */ = {isa = PBXBuildFile; fileRef = 61551C9E1FEEA77700534DEC /* AppDelegate.swift */; };
		61551CA11FEEA77700534DEC /* ViewController.swift in Sources */ = {isa = PBXBuildFile; fileRef = 61551CA01FEEA77700534DEC /* ViewController.swift */; };
		61551CA41FEEA77700534DEC /* Main.storyboard in Resources */ = {isa = PBXBuildFile; fileRef = 61551CA21FEEA77700534DEC /* Main.storyboard */; };
		61551CA61FEEA77700534DEC /* Assets.xcassets in Resources */ = {isa = PBXBuildFile; fileRef = 61551CA51FEEA77700534DEC /* Assets.xcassets */; };
		61551CA91FEEA77700534DEC /* LaunchScreen.storyboard in Resources */ = {isa = PBXBuildFile; fileRef = 61551CA71FEEA77700534DEC /* LaunchScreen.storyboard */; };
/* End PBXBuildFile section */

/* Begin PBXFileReference section */
		61551C9B1FEEA77700534DEC /* Meme-me-trial.app */ = {isa = PBXFileReference; explicitFileType = wrapper.application; includeInIndex = 0; path = "Meme-me-trial.app"; sourceTree = BUILT_PRODUCTS_DIR; };
		61551C9E1FEEA77700534DEC /* AppDelegate.swift */ = {isa = PBXFileReference; lastKnownFileType = sourcecode.swift; path = AppDelegate.swift; sourceTree = "<group>"; };
		61551CA01FEEA77700534DEC /* ViewController.swift */ = {isa = PBXFileReference; lastKnownFileType = sourcecode.swift; path = ViewController.swift; sourceTree = "<group>"; };
		61551CA31FEEA77700534DEC /* Base */ = {isa = PBXFileReference; lastKnownFileType = file.storyboard; name = Base; path = Base.lproj/Main.storyboard; sourceTree = "<group>"; };
		61551CA51FEEA77700534DEC /* Assets.xcassets */ = {isa = PBXFileReference; lastKnownFileType = folder.assetcatalog; path = Assets.xcassets; sourceTree = "<group>"; };
		61551CA81FEEA77700534DEC /* Base */ = {isa = PBXFileReference; lastKnownFileType = file.storyboard; name = Base; path = Base.lproj/LaunchScreen.storyboard; sourceTree = "<group>"; };
		61551CAA1FEEA77700534DEC /* Info.plist */ = {isa = PBXFileReference; lastKnownFileType = text.plist.xml; path = Info.plist; sourceTree = "<group>"; };
/* End PBXFileReference section */

/* Begin PBXFrameworksBuildPhase section */
		61551C981FEEA77700534DEC /* Frameworks */ = {
			isa = PBXFrameworksBuildPhase;
			buildActionMask = 2147483647;
			files = (
			);
			runOnlyForDeploymentPostprocessing = 0;
		};
/* End PBXFrameworksBuildPhase section */

/* Begin PBXGroup section */
		61551C921FEEA77700534DEC = {
			isa = PBXGroup;
			children = (
				61551C9D1FEEA77700534DEC /* Meme-me-trial */,
				61551C9C1FEEA77700534DEC /* Products */,
			);
			sourceTree = "<group>";
		};
		61551C9C1FEEA77700534DEC /* Products */ = {
			isa = PBXGroup;
			children = (
				61551C9B1FEEA77700534DEC /* Meme-me-trial.app */,
			);
			name = Products;
			sourceTree = "<group>";
		};
		61551C9D1FEEA77700534DEC /* Meme-me-trial */ = {
			isa = PBXGroup;
			children = (
				61551C9E1FEEA77700534DEC /* AppDelegate.swift */,
				61551CA01FEEA77700534DEC /* ViewController.swift */,
				61551CA21FEEA77700534DEC /* Main.storyboard */,
				61551CA51FEEA77700534DEC /* Assets.xcassets */,
				61551CA71FEEA77700534DEC /* LaunchScreen.storyboard */,
				61551CAA1FEEA77700534DEC /* Info.plist */,
			);
			path = "Meme-me-trial";
			sourceTree = "<group>";
		};
/* End PBXGroup section */

/* Begin PBXNativeTarget section */
		61551C9A1FEEA77700534DEC /* Meme-me-trial */ = {
			isa = PBXNativeTarget;
			buildConfigurationList = 61551CAD1FEEA77700534DEC /* Build configuration list for PBXNativeTarget "Meme-me-trial" */;
			buildPhases = (
				61551C971FEEA77700534DEC /* Sources */,
				61551C981FEEA77700534DEC /* Frameworks */,
				61551C991FEEA77700534DEC /* Resources */,
			);
			buildRules = (
			);
			dependencies = (
			);
			name = "Meme-me-trial";
			productName = "Meme-me-trial";
			productReference = 61551C9B1FEEA77700534DEC /* Meme-me-trial.app */;
			productType = "com.apple.product-type.application";
		};
/* End PBXNativeTarget section */

/* Begin PBXProject section */
		61551C931FEEA77700534DEC /* Project object */ = {
			isa = PBXProject;
			attributes = {
				LastSwiftUpdateCheck = 0830;
				LastUpgradeCheck = 0830;
				ORGANIZATIONNAME = "Alma Chelouche";
				TargetAttributes = {
					61551C9A1FEEA77700534DEC = {
						CreatedOnToolsVersion = 8.3.3;
						ProvisioningStyle = Automatic;
					};
				};
			};
			buildConfigurationList = 61551C961FEEA77700534DEC /* Build configuration list for PBXProject "Meme-me-trial" */;
			compatibilityVersion = "Xcode 3.2";
			developmentRegion = English;
			hasScannedForEncodings = 0;
			knownRegions = (
				en,
				Base,
			);
			mainGroup = 61551C921FEEA77700534DEC;
			productRefGroup = 61551C9C1FEEA77700534DEC /* Products */;
			projectDirPath = "";
			projectRoot = "";
			targets = (
				61551C9A1FEEA77700534DEC /* Meme-me-trial */,
			);
		};
/* End PBXProject section */

/* Begin PBXResourcesBuildPhase section */
		61551C991FEEA77700534DEC /* Resources */ = {
			isa = PBXResourcesBuildPhase;
			buildActionMask = 2147483647;
			files = (
				61551CA91FEEA77700534DEC /* LaunchScreen.storyboard in Resources */,
				61551CA61FEEA77700534DEC /* Assets.xcassets in Resources */,
				61551CA41FEEA77700534DEC /* Main.storyboard in Resources */,
			);
			runOnlyForDeploymentPostprocessing = 0;
		};
/* End PBXResourcesBuildPhase section */

/* Begin PBXSourcesBuildPhase section */
		61551C971FEEA77700534DEC /* Sources */ = {
			isa = PBXSourcesBuildPhase;
			buildActionMask = 2147483647;
			files = (
				61551CA11FEEA77700534DEC /* ViewController.swift in Sources */,
				61551C9F1FEEA77700534DEC /* AppDelegate.swift in Sources */,
			);
			runOnlyForDeploymentPostprocessing = 0;
		};
/* End PBXSourcesBuildPhase section */

/* Begin PBXVariantGroup section */
		61551CA21FEEA77700534DEC /* Main.storyboard */ = {
			isa = PBXVariantGroup;
			children = (
				61551CA31FEEA77700534DEC /* Base */,
			);
			name = Main.storyboard;
			sourceTree = "<group>";
		};
		61551CA71FEEA77700534DEC /* LaunchScreen.storyboard */ = {
			isa = PBXVariantGroup;
			children = (
				61551CA81FEEA77700534DEC /* Base */,
			);
			name = LaunchScreen.storyboard;
			sourceTree = "<group>";
		};
/* End PBXVariantGroup section */

/* Begin XCBuildConfiguration section */
		61551CAB1FEEA77700534DEC /* Debug */ = {
			isa = XCBuildConfiguration;
			buildSettings = {
				ALWAYS_SEARCH_USER_PATHS = NO;
				CLANG_ANALYZER_NONNULL = YES;
				CLANG_ANALYZER_NUMBER_OBJECT_CONVERSION = YES_AGGRESSIVE;
				CLANG_CXX_LANGUAGE_STANDARD = "gnu++0x";
				CLANG_CXX_LIBRARY = "libc++";
				CLANG_ENABLE_MODULES = YES;
				CLANG_ENABLE_OBJC_ARC = YES;
				CLANG_WARN_BOOL_CONVERSION = YES;
				CLANG_WARN_CONSTANT_CONVERSION = YES;
				CLANG_WARN_DIRECT_OBJC_ISA_USAGE = YES_ERROR;
				CLANG_WARN_DOCUMENTATION_COMMENTS = YES;
				CLANG_WARN_EMPTY_BODY = YES;
				CLANG_WARN_ENUM_CONVERSION = YES;
				CLANG_WARN_INFINITE_RECURSION = YES;
				CLANG_WARN_INT_CONVERSION = YES;
				CLANG_WARN_OBJC_ROOT_CLASS = YES_ERROR;
				CLANG_WARN_SUSPICIOUS_MOVE = YES;
				CLANG_WARN_UNREACHABLE_CODE = YES;
				CLANG_WARN__DUPLICATE_METHOD_MATCH = YES;
				"CODE_SIGN_IDENTITY[sdk=iphoneos*]" = "iPhone Developer";
				COPY_PHASE_STRIP = NO;
				DEBUG_INFORMATION_FORMAT = dwarf;
				ENABLE_STRICT_OBJC_MSGSEND = YES;
				ENABLE_TESTABILITY = YES;
				GCC_C_LANGUAGE_STANDARD = gnu99;
				GCC_DYNAMIC_NO_PIC = NO;
				GCC_NO_COMMON_BLOCKS = YES;
				GCC_OPTIMIZATION_LEVEL = 0;
				GCC_PREPROCESSOR_DEFINITIONS = (
					"DEBUG=1",
					"$(inherited)",
				);
				GCC_WARN_64_TO_32_BIT_CONVERSION = YES;
				GCC_WARN_ABOUT_RETURN_TYPE = YES_ERROR;
				GCC_WARN_UNDECLARED_SELECTOR = YES;
				GCC_WARN_UNINITIALIZED_AUTOS = YES_AGGRESSIVE;
				GCC_WARN_UNUSED_FUNCTION = YES;
				GCC_WARN_UNUSED_VARIABLE = YES;
				IPHONEOS_DEPLOYMENT_TARGET = 10.3;
				MTL_ENABLE_DEBUG_INFO = YES;
				ONLY_ACTIVE_ARCH = YES;
				SDKROOT = iphoneos;
				SWIFT_ACTIVE_COMPILATION_CONDITIONS = DEBUG;
				SWIFT_OPTIMIZATION_LEVEL = "-Onone";
				TARGETED_DEVICE_FAMILY = "1,2";
			};
			name = Debug;
		};
		61551CAC1FEEA77700534DEC /* Release */ = {
			isa = XCBuildConfiguration;
			buildSettings = {
				ALWAYS_SEARCH_USER_PATHS = NO;
				CLANG_ANALYZER_NONNULL = YES;
				CLANG_ANALYZER_NUMBER_OBJECT_CONVERSION = YES_AGGRESSIVE;
				CLANG_CXX_LANGUAGE_STANDARD = "gnu++0x";
				CLANG_CXX_LIBRARY = "libc++";
				CLANG_ENABLE_MODULES = YES;
				CLANG_ENABLE_OBJC_ARC = YES;
				CLANG_WARN_BOOL_CONVERSION = YES;
				CLANG_WARN_CONSTANT_CONVERSION = YES;
				CLANG_WARN_DIRECT_OBJC_ISA_USAGE = YES_ERROR;
				CLANG_WARN_DOCUMENTATION_COMMENTS = YES;
				CLANG_WARN_EMPTY_BODY = YES;
				CLANG_WARN_ENUM_CONVERSION = YES;
				CLANG_WARN_INFINITE_RECURSION = YES;
				CLANG_WARN_INT_CONVERSION = YES;
				CLANG_WARN_OBJC_ROOT_CLASS = YES_ERROR;
				CLANG_WARN_SUSPICIOUS_MOVE = YES;
				CLANG_WARN_UNREACHABLE_CODE = YES;
				CLANG_WARN__DUPLICATE_METHOD_MATCH = YES;
				"CODE_SIGN_IDENTITY[sdk=iphoneos*]" = "iPhone Developer";
				COPY_PHASE_STRIP = NO;
				DEBUG_INFORMATION_FORMAT = "dwarf-with-dsym";
				ENABLE_NS_ASSERTIONS = NO;
				ENABLE_STRICT_OBJC_MSGSEND = YES;
				GCC_C_LANGUAGE_STANDARD = gnu99;
				GCC_NO_COMMON_BLOCKS = YES;
				GCC_WARN_64_TO_32_BIT_CONVERSION = YES;
				GCC_WARN_ABOUT_RETURN_TYPE = YES_ERROR;
				GCC_WARN_UNDECLARED_SELECTOR = YES;
				GCC_WARN_UNINITIALIZED_AUTOS = YES_AGGRESSIVE;
				GCC_WARN_UNUSED_FUNCTION = YES;
				GCC_WARN_UNUSED_VARIABLE = YES;
				IPHONEOS_DEPLOYMENT_TARGET = 10.3;
				MTL_ENABLE_DEBUG_INFO = NO;
				SDKROOT = iphoneos;
				SWIFT_OPTIMIZATION_LEVEL = "-Owholemodule";
				TARGETED_DEVICE_FAMILY = "1,2";
				VALIDATE_PRODUCT = YES;
			};
			name = Release;
		};
		61551CAE1FEEA77700534DEC /* Debug */ = {
			isa = XCBuildConfiguration;
			buildSettings = {
				ASSETCATALOG_COMPILER_APPICON_NAME = AppIcon;
				INFOPLIST_FILE = "Meme-me-trial/Info.plist";
				LD_RUNPATH_SEARCH_PATHS = "$(inherited) @executable_path/Frameworks";
				PRODUCT_BUNDLE_IDENTIFIER = "Alma-Chelouche.Meme-me-trial";
				PRODUCT_NAME = "$(TARGET_NAME)";
				SWIFT_VERSION = 3.0;
			};
			name = Debug;
		};
		61551CAF1FEEA77700534DEC /* Release */ = {
			isa = XCBuildConfiguration;
			buildSettings = {
				ASSETCATALOG_COMPILER_APPICON_NAME = AppIcon;
				INFOPLIST_FILE = "Meme-me-trial/Info.plist";
				LD_RUNPATH_SEARCH_PATHS = "$(inherited) @executable_path/Frameworks";
				PRODUCT_BUNDLE_IDENTIFIER = "Alma-Chelouche.Meme-me-trial";
				PRODUCT_NAME = "$(TARGET_NAME)";
				SWIFT_VERSION = 3.0;
			};
			name = Release;
		};
/* End XCBuildConfiguration section */

/* Begin XCConfigurationList section */
		61551C961FEEA77700534DEC /* Build configuration list for PBXProject "Meme-me-trial" */ = {
			isa = XCConfigurationList;
			buildConfigurations = (
				61551CAB1FEEA77700534DEC /* Debug */,
				61551CAC1FEEA77700534DEC /* Release */,
			);
			defaultConfigurationIsVisible = 0;
			defaultConfigurationName = Release;
		};
		61551CAD1FEEA77700534DEC /* Build configuration list for PBXNativeTarget "Meme-me-trial" */ = {
			isa = XCConfigurationList;
			buildConfigurations = (
				61551CAE1FEEA77700534DEC /* Debug */,
				61551CAF1FEEA77700534DEC /* Release */,
			);
			defaultConfigurationIsVisible = 0;
		};
/* End XCConfigurationList section */
	};
	rootObject = 61551C931FEEA77700534DEC /* Project object */;
}
